// !$*UTF8*$!
{
	archiveVersion = 1;
	classes = {
	};
	objectVersion = 46;
	objects = {

/* Begin PBXBuildFile section */
		CF1D4415195F0B6B004DDF76 /* AppDelegate.swift in Sources */ = {isa = PBXBuildFile; fileRef = CF1D4414195F0B6B004DDF76 /* AppDelegate.swift */; };
		CF1D4417195F0B6B004DDF76 /* Images.xcassets in Resources */ = {isa = PBXBuildFile; fileRef = CF1D4416195F0B6B004DDF76 /* Images.xcassets */; };
		CF1D4423195F0B6C004DDF76 /* QuizTests.swift in Sources */ = {isa = PBXBuildFile; fileRef = CF1D4422195F0B6C004DDF76 /* QuizTests.swift */; };
		CF1D4432195F0C6C004DDF76 /* QuizViewController.swift in Sources */ = {isa = PBXBuildFile; fileRef = CF1D4430195F0C6C004DDF76 /* QuizViewController.swift */; };
		CF1D4433195F0C6C004DDF76 /* QuizViewController.xib in Resources */ = {isa = PBXBuildFile; fileRef = CF1D4431195F0C6C004DDF76 /* QuizViewController.xib */; };
/* End PBXBuildFile section */

/* Begin PBXContainerItemProxy section */
		CF1D441D195F0B6C004DDF76 /* PBXContainerItemProxy */ = {
			isa = PBXContainerItemProxy;
			containerPortal = CF1D4407195F0B6B004DDF76 /* Project object */;
			proxyType = 1;
			remoteGlobalIDString = CF1D440E195F0B6B004DDF76;
			remoteInfo = Quiz;
		};
/* End PBXContainerItemProxy section */

/* Begin PBXFileReference section */
		CF1D440F195F0B6B004DDF76 /* Quiz.app */ = {isa = PBXFileReference; explicitFileType = wrapper.application; includeInIndex = 0; path = Quiz.app; sourceTree = BUILT_PRODUCTS_DIR; };
		CF1D4413195F0B6B004DDF76 /* Info.plist */ = {isa = PBXFileReference; lastKnownFileType = text.plist.xml; path = Info.plist; sourceTree = "<group>"; };
		CF1D4414195F0B6B004DDF76 /* AppDelegate.swift */ = {isa = PBXFileReference; lastKnownFileType = sourcecode.swift; path = AppDelegate.swift; sourceTree = "<group>"; };
		CF1D4416195F0B6B004DDF76 /* Images.xcassets */ = {isa = PBXFileReference; lastKnownFileType = folder.assetcatalog; path = Images.xcassets; sourceTree = "<group>"; };
		CF1D441C195F0B6C004DDF76 /* QuizTests.xctest */ = {isa = PBXFileReference; explicitFileType = wrapper.cfbundle; includeInIndex = 0; path = QuizTests.xctest; sourceTree = BUILT_PRODUCTS_DIR; };
		CF1D4421195F0B6C004DDF76 /* Info.plist */ = {isa = PBXFileReference; lastKnownFileType = text.plist.xml; path = Info.plist; sourceTree = "<group>"; };
		CF1D4422195F0B6C004DDF76 /* QuizTests.swift */ = {isa = PBXFileReference; lastKnownFileType = sourcecode.swift; path = QuizTests.swift; sourceTree = "<group>"; };
		CF1D4430195F0C6C004DDF76 /* QuizViewController.swift */ = {isa = PBXFileReference; fileEncoding = 4; lastKnownFileType = sourcecode.swift; path = QuizViewController.swift; sourceTree = "<group>"; };
		CF1D4431195F0C6C004DDF76 /* QuizViewController.xib */ = {isa = PBXFileReference; fileEncoding = 4; lastKnownFileType = file.xib; path = QuizViewController.xib; sourceTree = "<group>"; };
/* End PBXFileReference section */

/* Begin PBXFrameworksBuildPhase section */
		CF1D440C195F0B6B004DDF76 /* Frameworks */ = {
			isa = PBXFrameworksBuildPhase;
			buildActionMask = 2147483647;
			files = (
			);
			runOnlyForDeploymentPostprocessing = 0;
		};
		CF1D4419195F0B6C004DDF76 /* Frameworks */ = {
			isa = PBXFrameworksBuildPhase;
			buildActionMask = 2147483647;
			files = (
			);
			runOnlyForDeploymentPostprocessing = 0;
		};
/* End PBXFrameworksBuildPhase section */

/* Begin PBXGroup section */
		CF1D4406195F0B6B004DDF76 = {
			isa = PBXGroup;
			children = (
				CF1D4430195F0C6C004DDF76 /* QuizViewController.swift */,
				CF1D4431195F0C6C004DDF76 /* QuizViewController.xib */,
				CF1D4411195F0B6B004DDF76 /* Quiz */,
				CF1D441F195F0B6C004DDF76 /* QuizTests */,
				CF1D4410195F0B6B004DDF76 /* Products */,
			);
			sourceTree = "<group>";
		};
		CF1D4410195F0B6B004DDF76 /* Products */ = {
			isa = PBXGroup;
			children = (
				CF1D440F195F0B6B004DDF76 /* Quiz.app */,
				CF1D441C195F0B6C004DDF76 /* QuizTests.xctest */,
			);
			name = Products;
			sourceTree = "<group>";
		};
		CF1D4411195F0B6B004DDF76 /* Quiz */ = {
			isa = PBXGroup;
			children = (
				CF1D4414195F0B6B004DDF76 /* AppDelegate.swift */,
				CF1D4416195F0B6B004DDF76 /* Images.xcassets */,
				CF1D4412195F0B6B004DDF76 /* Supporting Files */,
			);
			path = Quiz;
			sourceTree = "<group>";
		};
		CF1D4412195F0B6B004DDF76 /* Supporting Files */ = {
			isa = PBXGroup;
			children = (
				CF1D4413195F0B6B004DDF76 /* Info.plist */,
			);
			name = "Supporting Files";
			sourceTree = "<group>";
		};
		CF1D441F195F0B6C004DDF76 /* QuizTests */ = {
			isa = PBXGroup;
			children = (
				CF1D4422195F0B6C004DDF76 /* QuizTests.swift */,
				CF1D4420195F0B6C004DDF76 /* Supporting Files */,
			);
			path = QuizTests;
			sourceTree = "<group>";
		};
		CF1D4420195F0B6C004DDF76 /* Supporting Files */ = {
			isa = PBXGroup;
			children = (
				CF1D4421195F0B6C004DDF76 /* Info.plist */,
			);
			name = "Supporting Files";
			sourceTree = "<group>";
		};
/* End PBXGroup section */

/* Begin PBXNativeTarget section */
		CF1D440E195F0B6B004DDF76 /* Quiz */ = {
			isa = PBXNativeTarget;
			buildConfigurationList = CF1D4426195F0B6C004DDF76 /* Build configuration list for PBXNativeTarget "Quiz" */;
			buildPhases = (
				CF1D440B195F0B6B004DDF76 /* Sources */,
				CF1D440C195F0B6B004DDF76 /* Frameworks */,
				CF1D440D195F0B6B004DDF76 /* Resources */,
			);
			buildRules = (
			);
			dependencies = (
			);
			name = Quiz;
			productName = Quiz;
			productReference = CF1D440F195F0B6B004DDF76 /* Quiz.app */;
			productType = "com.apple.product-type.application";
		};
		CF1D441B195F0B6C004DDF76 /* QuizTests */ = {
			isa = PBXNativeTarget;
			buildConfigurationList = CF1D4429195F0B6C004DDF76 /* Build configuration list for PBXNativeTarget "QuizTests" */;
			buildPhases = (
				CF1D4418195F0B6C004DDF76 /* Sources */,
				CF1D4419195F0B6C004DDF76 /* Frameworks */,
				CF1D441A195F0B6C004DDF76 /* Resources */,
			);
			buildRules = (
			);
			dependencies = (
				CF1D441E195F0B6C004DDF76 /* PBXTargetDependency */,
			);
			name = QuizTests;
			productName = QuizTests;
			productReference = CF1D441C195F0B6C004DDF76 /* QuizTests.xctest */;
			productType = "com.apple.product-type.bundle.unit-test";
		};
/* End PBXNativeTarget section */

/* Begin PBXProject section */
		CF1D4407195F0B6B004DDF76 /* Project object */ = {
			isa = PBXProject;
			attributes = {
				LastUpgradeCheck = 0800;
				ORGANIZATIONNAME = babygreene.org;
				TargetAttributes = {
					CF1D440E195F0B6B004DDF76 = {
						CreatedOnToolsVersion = 6.0;
						DevelopmentTeam = D7LQT55MSW;
						LastSwiftMigration = 0800;
					};
					CF1D441B195F0B6C004DDF76 = {
						CreatedOnToolsVersion = 6.0;
						LastSwiftMigration = 0800;
						TestTargetID = CF1D440E195F0B6B004DDF76;
					};
				};
			};
			buildConfigurationList = CF1D440A195F0B6B004DDF76 /* Build configuration list for PBXProject "Quiz" */;
			compatibilityVersion = "Xcode 3.2";
			developmentRegion = English;
			hasScannedForEncodings = 0;
			knownRegions = (
				en,
			);
			mainGroup = CF1D4406195F0B6B004DDF76;
			productRefGroup = CF1D4410195F0B6B004DDF76 /* Products */;
			projectDirPath = "";
			projectRoot = "";
			targets = (
				CF1D440E195F0B6B004DDF76 /* Quiz */,
				CF1D441B195F0B6C004DDF76 /* QuizTests */,
			);
		};
/* End PBXProject section */

/* Begin PBXResourcesBuildPhase section */
		CF1D440D195F0B6B004DDF76 /* Resources */ = {
			isa = PBXResourcesBuildPhase;
			buildActionMask = 2147483647;
			files = (
				CF1D4417195F0B6B004DDF76 /* Images.xcassets in Resources */,
				CF1D4433195F0C6C004DDF76 /* QuizViewController.xib in Resources */,
			);
			runOnlyForDeploymentPostprocessing = 0;
		};
		CF1D441A195F0B6C004DDF76 /* Resources */ = {
			isa = PBXResourcesBuildPhase;
			buildActionMask = 2147483647;
			files = (
			);
			runOnlyForDeploymentPostprocessing = 0;
		};
/* End PBXResourcesBuildPhase section */

/* Begin PBXSourcesBuildPhase section */
		CF1D440B195F0B6B004DDF76 /* Sources */ = {
			isa = PBXSourcesBuildPhase;
			buildActionMask = 2147483647;
			files = (
				CF1D4415195F0B6B004DDF76 /* AppDelegate.swift in Sources */,
				CF1D4432195F0C6C004DDF76 /* QuizViewController.swift in Sources */,
			);
			runOnlyForDeploymentPostprocessing = 0;
		};
		CF1D4418195F0B6C004DDF76 /* Sources */ = {
			isa = PBXSourcesBuildPhase;
			buildActionMask = 2147483647;
			files = (
				CF1D4423195F0B6C004DDF76 /* QuizTests.swift in Sources */,
			);
			runOnlyForDeploymentPostprocessing = 0;
		};
/* End PBXSourcesBuildPhase section */

/* Begin PBXTargetDependency section */
		CF1D441E195F0B6C004DDF76 /* PBXTargetDependency */ = {
			isa = PBXTargetDependency;
			target = CF1D440E195F0B6B004DDF76 /* Quiz */;
			targetProxy = CF1D441D195F0B6C004DDF76 /* PBXContainerItemProxy */;
		};
/* End PBXTargetDependency section */

/* Begin XCBuildConfiguration section */
		CF1D4424195F0B6C004DDF76 /* Debug */ = {
			isa = XCBuildConfiguration;
			buildSettings = {
				ALWAYS_SEARCH_USER_PATHS = NO;
				CLANG_CXX_LANGUAGE_STANDARD = "gnu++0x";
				CLANG_CXX_LIBRARY = "libc++";
				CLANG_ENABLE_MODULES = YES;
				CLANG_ENABLE_OBJC_ARC = YES;
				CLANG_WARN_BOOL_CONVERSION = YES;
				CLANG_WARN_CONSTANT_CONVERSION = YES;
				CLANG_WARN_DIRECT_OBJC_ISA_USAGE = YES_ERROR;
				CLANG_WARN_EMPTY_BODY = YES;
				CLANG_WARN_ENUM_CONVERSION = YES;
				CLANG_WARN_INFINITE_RECURSION = YES;
				CLANG_WARN_INT_CONVERSION = YES;
				CLANG_WARN_OBJC_ROOT_CLASS = YES_ERROR;
				CLANG_WARN_SUSPICIOUS_MOVE = YES;
				CLANG_WARN_UNREACHABLE_CODE = YES;
				CLANG_WARN__DUPLICATE_METHOD_MATCH = YES;
				"CODE_SIGN_IDENTITY[sdk=iphoneos*]" = "iPhone Developer";
				COPY_PHASE_STRIP = NO;
				ENABLE_STRICT_OBJC_MSGSEND = YES;
				ENABLE_TESTABILITY = YES;
				GCC_C_LANGUAGE_STANDARD = gnu99;
				GCC_DYNAMIC_NO_PIC = NO;
				GCC_NO_COMMON_BLOCKS = YES;
				GCC_OPTIMIZATION_LEVEL = 0;
				GCC_PREPROCESSOR_DEFINITIONS = (
					"DEBUG=1",
					"$(inherited)",
				);
				GCC_SYMBOLS_PRIVATE_EXTERN = NO;
				GCC_WARN_64_TO_32_BIT_CONVERSION = YES;
				GCC_WARN_ABOUT_RETURN_TYPE = YES_ERROR;
				GCC_WARN_UNDECLARED_SELECTOR = YES;
				GCC_WARN_UNINITIALIZED_AUTOS = YES_AGGRESSIVE;
				GCC_WARN_UNUSED_FUNCTION = YES;
				GCC_WARN_UNUSED_VARIABLE = YES;
				IPHONEOS_DEPLOYMENT_TARGET = 8.0;
				METAL_ENABLE_DEBUG_INFO = YES;
				ONLY_ACTIVE_ARCH = YES;
				SDKROOT = iphoneos;
				SWIFT_OPTIMIZATION_LEVEL = "-Onone";
			};
			name = Debug;
		};
		CF1D4425195F0B6C004DDF76 /* Release */ = {
			isa = XCBuildConfiguration;
			buildSettings = {
				ALWAYS_SEARCH_USER_PATHS = NO;
				CLANG_CXX_LANGUAGE_STANDARD = "gnu++0x";
				CLANG_CXX_LIBRARY = "libc++";
				CLANG_ENABLE_MODULES = YES;
				CLANG_ENABLE_OBJC_ARC = YES;
				CLANG_WARN_BOOL_CONVERSION = YES;
				CLANG_WARN_CONSTANT_CONVERSION = YES;
				CLANG_WARN_DIRECT_OBJC_ISA_USAGE = YES_ERROR;
				CLANG_WARN_EMPTY_BODY = YES;
				CLANG_WARN_ENUM_CONVERSION = YES;
				CLANG_WARN_INFINITE_RECURSION = YES;
				CLANG_WARN_INT_CONVERSION = YES;
				CLANG_WARN_OBJC_ROOT_CLASS = YES_ERROR;
				CLANG_WARN_SUSPICIOUS_MOVE = YES;
				CLANG_WARN_UNREACHABLE_CODE = YES;
				CLANG_WARN__DUPLICATE_METHOD_MATCH = YES;
				"CODE_SIGN_IDENTITY[sdk=iphoneos*]" = "iPhone Developer";
				COPY_PHASE_STRIP = YES;
				ENABLE_NS_ASSERTIONS = NO;
				ENABLE_STRICT_OBJC_MSGSEND = YES;
				GCC_C_LANGUAGE_STANDARD = gnu99;
				GCC_NO_COMMON_BLOCKS = YES;
				GCC_WARN_64_TO_32_BIT_CONVERSION = YES;
				GCC_WARN_ABOUT_RETURN_TYPE = YES_ERROR;
				GCC_WARN_UNDECLARED_SELECTOR = YES;
				GCC_WARN_UNINITIALIZED_AUTOS = YES_AGGRESSIVE;
				GCC_WARN_UNUSED_FUNCTION = YES;
				GCC_WARN_UNUSED_VARIABLE = YES;
				IPHONEOS_DEPLOYMENT_TARGET = 8.0;
				METAL_ENABLE_DEBUG_INFO = NO;
				SDKROOT = iphoneos;
				SWIFT_OPTIMIZATION_LEVEL = "-Owholemodule";
				VALIDATE_PRODUCT = YES;
			};
			name = Release;
		};
		CF1D4427195F0B6C004DDF76 /* Debug */ = {
			isa = XCBuildConfiguration;
			buildSettings = {
				ASSETCATALOG_COMPILER_APPICON_NAME = AppIcon;
				ASSETCATALOG_COMPILER_LAUNCHIMAGE_NAME = LaunchImage;
				INFOPLIST_FILE = Quiz/Info.plist;
				IPHONEOS_DEPLOYMENT_TARGET = 8.0;
				LD_RUNPATH_SEARCH_PATHS = "$(inherited) @executable_path/Frameworks";
				PRODUCT_BUNDLE_IDENTIFIER = "org.babygreene.${PRODUCT_NAME:rfc1034identifier}";
				PRODUCT_NAME = "$(TARGET_NAME)";
				SWIFT_VERSION = 3.0;
			};
			name = Debug;
		};
		CF1D4428195F0B6C004DDF76 /* Release */ = {
			isa = XCBuildConfiguration;
			buildSettings = {
				ASSETCATALOG_COMPILER_APPICON_NAME = AppIcon;
				ASSETCATALOG_COMPILER_LAUNCHIMAGE_NAME = LaunchImage;
				INFOPLIST_FILE = Quiz/Info.plist;
				IPHONEOS_DEPLOYMENT_TARGET = 8.0;
				LD_RUNPATH_SEARCH_PATHS = "$(inherited) @executable_path/Frameworks";
				PRODUCT_BUNDLE_IDENTIFIER = "org.babygreene.${PRODUCT_NAME:rfc1034identifier}";
				PRODUCT_NAME = "$(TARGET_NAME)";
				SWIFT_VERSION = 3.0;
			};
			name = Release;
		};
		CF1D442A195F0B6C004DDF76 /* Debug */ = {
			isa = XCBuildConfiguration;
			buildSettings = {
				BUNDLE_LOADER = "$(BUILT_PRODUCTS_DIR)/Quiz.app/Quiz";
				FRAMEWORK_SEARCH_PATHS = (
					"$(SDKROOT)/Developer/Library/Frameworks",
					"$(inherited)",
				);
				GCC_PREPROCESSOR_DEFINITIONS = (
					"DEBUG=1",
					"$(inherited)",
				);
				INFOPLIST_FILE = QuizTests/Info.plist;
				LD_RUNPATH_SEARCH_PATHS = "$(inherited) @executable_path/Frameworks @loader_path/Frameworks";
				METAL_ENABLE_DEBUG_INFO = YES;
				PRODUCT_BUNDLE_IDENTIFIER = "org.babygreene.${PRODUCT_NAME:rfc1034identifier}";
				PRODUCT_NAME = "$(TARGET_NAME)";
				SWIFT_VERSION = 3.0;
				TEST_HOST = "$(BUNDLE_LOADER)";
			};
			name = Debug;
		};
		CF1D442B195F0B6C004DDF76 /* Release */ = {
			isa = XCBuildConfiguration;
			buildSettings = {
				BUNDLE_LOADER = "$(BUILT_PRODUCTS_DIR)/Quiz.app/Quiz";
				FRAMEWORK_SEARCH_PATHS = (
					"$(SDKROOT)/Developer/Library/Frameworks",
					"$(inherited)",
				);
				INFOPLIST_FILE = QuizTests/Info.plist;
				LD_RUNPATH_SEARCH_PATHS = "$(inherited) @executable_path/Frameworks @loader_path/Frameworks";
				METAL_ENABLE_DEBUG_INFO = NO;
				PRODUCT_BUNDLE_IDENTIFIER = "org.babygreene.${PRODUCT_NAME:rfc1034identifier}";
				PRODUCT_NAME = "$(TARGET_NAME)";
				SWIFT_VERSION = 3.0;
				TEST_HOST = "$(BUNDLE_LOADER)";
			};
			name = Release;
		};
/* End XCBuildConfiguration section */

/* Begin XCConfigurationList section */
		CF1D440A195F0B6B004DDF76 /* Build configuration list for PBXProject "Quiz" */ = {
			isa = XCConfigurationList;
			buildConfigurations = (
				CF1D4424195F0B6C004DDF76 /* Debug */,
				CF1D4425195F0B6C004DDF76 /* Release */,
			);
			defaultConfigurationIsVisible = 0;
			defaultConfigurationName = Release;
		};
		CF1D4426195F0B6C004DDF76 /* Build configuration list for PBXNativeTarget "Quiz" */ = {
			isa = XCConfigurationList;
			buildConfigurations = (
				CF1D4427195F0B6C004DDF76 /* Debug */,
				CF1D4428195F0B6C004DDF76 /* Release */,
			);
			defaultConfigurationIsVisible = 0;
			defaultConfigurationName = Release;
		};
		CF1D4429195F0B6C004DDF76 /* Build configuration list for PBXNativeTarget "QuizTests" */ = {
			isa = XCConfigurationList;
			buildConfigurations = (
				CF1D442A195F0B6C004DDF76 /* Debug */,
				CF1D442B195F0B6C004DDF76 /* Release */,
			);
			defaultConfigurationIsVisible = 0;
			defaultConfigurationName = Release;
		};
/* End XCConfigurationList section */
	};
	rootObject = CF1D4407195F0B6B004DDF76 /* Project object */;
}
